
Microsoft Visual Studio Solution File, Format Version 10.00
# Visual Studio 2008
Project("{FAE04EC0-301F-11D3-BF4B-00C04F79EFBC}") = "SceneGenerator", "sceneGeneratorAlpha\SceneGenerator.csproj", "{99D70E59-EDB1-49A6-8635-9E320C97E682}"
EndProject
Global
	GlobalSection(SolutionConfigurationPlatforms) = preSolution
		Debug|x86 = Debug|x86
		Release|x86 = Release|x86
	EndGlobalSection
	GlobalSection(ProjectConfigurationPlatforms) = postSolution
		{99D70E59-EDB1-49A6-8635-9E320C97E682}.Debug|x86.ActiveCfg = Debug|x86
		{99D70E59-EDB1-49A6-8635-9E320C97E682}.Debug|x86.Build.0 = Debug|x86
		{99D70E59-EDB1-49A6-8635-9E320C97E682}.Release|x86.ActiveCfg = Release|x86
		{99D70E59-EDB1-49A6-8635-9E320C97E682}.Release|x86.Build.0 = Release|x86
		{B583D019-1C44-445E-B373-05900A8FA55D}.Debug|x86.ActiveCfg = Debug|x86
		{B583D019-1C44-445E-B373-05900A8FA55D}.Release|x86.ActiveCfg = Release|x86
	EndGlobalSection
	GlobalSection(SolutionProperties) = preSolution
		HideSolutionNode = FALSE
	EndGlobalSection
EndGlobal
